
Microsoft Visual Studio Solution File, Format Version 12.00
# Visual Studio Version 17
VisualStudioVersion = 17.13.35931.197 d17.13
MinimumVisualStudioVersion = 10.0.40219.1
Project("{FAE04EC0-301F-11D3-BF4B-00C04F79EFBC}") = "SearchAlgorithms", "SearchAlgorithms.csproj", "{BED8E4F5-493D-4767-BDD5-5079E964C3A1}"
EndProject
Project("{FAE04EC0-301F-11D3-BF4B-00C04F79EFBC}") = "SearchAlgorithmsTests", "..\SearchAlgorithmsTests\SearchAlgorithmsTests.csproj", "{12FC9EFF-5C34-41F0-B67B-3AECBDFC5414}"
EndProject
Global
	GlobalSection(SolutionConfigurationPlatforms) = preSolution
		Debug|Any CPU = Debug|Any CPU
		Release|Any CPU = Release|Any CPU
	EndGlobalSection
	GlobalSection(ProjectConfigurationPlatforms) = postSolution
		{BED8E4F5-493D-4767-BDD5-5079E964C3A1}.Debug|Any CPU.ActiveCfg = Debug|Any CPU
		{BED8E4F5-493D-4767-BDD5-5079E964C3A1}.Debug|Any CPU.Build.0 = Debug|Any CPU
		{BED8E4F5-493D-4767-BDD5-5079E964C3A1}.Release|Any CPU.ActiveCfg = Release|Any CPU
		{BED8E4F5-493D-4767-BDD5-5079E964C3A1}.Release|Any CPU.Build.0 = Release|Any CPU
		{12FC9EFF-5C34-41F0-B67B-3AECBDFC5414}.Debug|Any CPU.ActiveCfg = Debug|Any CPU
		{12FC9EFF-5C34-41F0-B67B-3AECBDFC5414}.Debug|Any CPU.Build.0 = Debug|Any CPU
		{12FC9EFF-5C34-41F0-B67B-3AECBDFC5414}.Release|Any CPU.ActiveCfg = Release|Any CPU
		{12FC9EFF-5C34-41F0-B67B-3AECBDFC5414}.Release|Any CPU.Build.0 = Release|Any CPU
	EndGlobalSection
	GlobalSection(SolutionProperties) = preSolution
		HideSolutionNode = FALSE
	EndGlobalSection
	GlobalSection(ExtensibilityGlobals) = postSolution
		SolutionGuid = {91712C36-A5CE-4F89-818A-C584987F8757}
	EndGlobalSection
EndGlobal
